PODS:
  - AppCenter/Analytics (1.13.0):
    - AppCenter/Core
  - AppCenter/Core (1.13.0)
  - AppCenter/Crashes (1.13.0):
    - AppCenter/Core
  - AppCenterReactNativeShared (1.12.0):
    - AppCenter/Core (= 1.13.0)
  - Collector (1.2.0)
  - MJExtension (3.0.15.1)

DEPENDENCIES:
  - AppCenter/Analytics (~> 1.13.0)
  - AppCenter/Crashes (~> 1.13.0)
  - AppCenterReactNativeShared (~> 1.12.0)
  - Collector
  - MJExtension

SPEC REPOS:
  https://github.com/cocoapods/specs.git:
    - AppCenter
    - AppCenterReactNativeShared
    - Collector
    - MJExtension

SPEC CHECKSUMS:
  AppCenter: a70408f15de23f925001bfc7b7473094a009a4eb
  AppCenterReactNativeShared: 542de3c68bcec89fba964213048287592a443976
  Collector: b3a45887cc76144413bf7842dd6e037772a3a193
  MJExtension: 19bc33ce2eee2d319760f5622562cf581a6ff756

PODFILE CHECKSUM: b28015d34250fc012b25b67144807d24f614c378

COCOAPODS: 1.6.1
